{"1.1.0",
[{<<"cross_db">>,
  {git,"https://github.com/cabol/cross_db",
       {ref,"c08aa14b49d1e89b0fa4c6f1cb1936642eaa8392"}},
  0},
 {<<"fancyflow">>,
  {git,"https://github.com/ferd/fancyflow",
       {ref,"81cf9dfa854cf6050e95cf08845c1b5bd436b1b8"}},
  0},
 {<<"iso8601">>,{pkg,<<"iso8601">>,<<"1.2.3">>},1},
 {<<"mixer">>,{pkg,<<"inaka_mixer">>,<<"1.0.0">>},0},
 {<<"poolboy">>,{pkg,<<"poolboy">>,<<"1.5.1">>},1}]}.
[
{pkg_hash,[
 {<<"iso8601">>, <<"56D173EC568D42E95908797A9B7D27BCF0B377443277416733EB1A544A4A47C2">>},
 {<<"mixer">>, <<"B991687E1D7750CAB5906800F9F451E96594F77F8F0FFA304602DF92E7A58607">>},
 {<<"poolboy">>, <<"6B46163901CFD0A1B43D692657ED9D7E599853B3B21B95AE5AE0A777CF9B6CA8">>}]}
].
